
Microsoft Visual Studio Solution File, Format Version 12.00
Project("{8BC9CEB8-8B4A-11D0-8D11-00A0C91BC942}") = "Lab13", "Lab13\Lab13.vcxproj", "{B2B4A40B-47E9-4394-9417-A18CE7106915}"
EndProject
Global
	GlobalSection(SolutionConfigurationPlatforms) = preSolution
		Debug|Any CPU = Debug|Any CPU
		Release|Any CPU = Release|Any CPU
	EndGlobalSection
	GlobalSection(ProjectConfigurationPlatforms) = postSolution
		{B2B4A40B-47E9-4394-9417-A18CE7106915}.Debug|Any CPU.ActiveCfg = Debug|Win32
		{B2B4A40B-47E9-4394-9417-A18CE7106915}.Debug|Any CPU.Build.0 = Debug|Win32
		{B2B4A40B-47E9-4394-9417-A18CE7106915}.Release|Any CPU.ActiveCfg = Release|Win32
		{B2B4A40B-47E9-4394-9417-A18CE7106915}.Release|Any CPU.Build.0 = Release|Win32
	EndGlobalSection
EndGlobal
